{
  "name": "lab03",
  "version": "1.0.0",
  "lockfileVersion": 1,
  "requires": true,
  "dependencies": {
    "accepts": {
      "version": "1.3.4",
      "resolved": "https://registry.npmjs.org/accepts/-/accepts-1.3.4.tgz",
      "integrity": "sha1-hiRnWMfdbSGmR0/whKR0DsBesh8=",
      "requires": {
        "mime-types": "2.1.17",
        "negotiator": "0.6.1"
      }
    },
    "archy": {
      "version": "1.0.0",
      "resolved": "https://registry.npmjs.org/archy/-/archy-1.0.0.tgz",
      "integrity": "sha1-+cjBN1fMHde8N5rHeyxipcKGjEA="
    },
    "array-flatten": {
      "version": "1.1.1",
      "resolved": "https://registry.npmjs.org/array-flatten/-/array-flatten-1.1.1.tgz",
      "integrity": "sha1-ml9pkFGx5wczKPKgCJaLZOopVdI="
    },
    "async": {
      "version": "1.5.2",
      "resolved": "https://registry.npmjs.org/async/-/async-1.5.2.tgz",
      "integrity": "sha1-7GphrlZIDAw8skHJVhjiCJL5Zyo="
    },
    "backoff": {
      "version": "2.3.0",
      "resolved": "https://registry.npmjs.org/backoff/-/backoff-2.3.0.tgz",
      "integrity": "sha1-7nx+OAk/kuRyhZ22NedlJFT8Ieo="
    },
    "body-parser": {
      "version": "1.18.1",
      "resolved": "https://registry.npmjs.org/body-parser/-/body-parser-1.18.1.tgz",
      "integrity": "sha512-KL2pZpGvy6xuZHgYUznB1Zfw4AoGMApfRanT5NafeLvglbaSM+4CCtmlyYOv66oYXqvKL1xpaFb94V/AZVUnYg==",
      "requires": {
        "bytes": "3.0.0",
        "content-type": "1.0.4",
        "debug": "2.6.8",
        "depd": "1.1.1",
        "http-errors": "1.6.2",
        "iconv-lite": "0.4.19",
        "on-finished": "2.3.0",
        "qs": "6.5.1",
        "raw-body": "2.3.2",
        "type-is": "1.6.15"
      }
    },
    "boom": {
      "version": "2.10.1",
      "resolved": "https://registry.npmjs.org/boom/-/boom-2.10.1.tgz",
      "integrity": "sha1-OciRjO/1eZ+D+UkqhI9iWt0Mdm8=",
      "requires": {
        "hoek": "2.16.3"
      }
    },
    "bson": {
      "version": "0.2.22",
      "resolved": "https://registry.npmjs.org/bson/-/bson-0.2.22.tgz",
      "integrity": "sha1-/NoQPybQwHTVpS1Qkn24D9ArSzk=",
      "requires": {
        "nan": "1.8.4"
      }
    },
    "bytes": {
      "version": "3.0.0",
      "resolved": "https://registry.npmjs.org/bytes/-/bytes-3.0.0.tgz",
      "integrity": "sha1-0ygVQE1olpn4Wk6k+odV3ROpYEg="
    },
    "connect": {
      "version": "3.4.1",
      "resolved": "https://registry.npmjs.org/connect/-/connect-3.4.1.tgz",
      "integrity": "sha1-ohNh0/QJnvdhzabcSpc7seuwo00=",
      "requires": {
        "debug": "2.2.0",
        "finalhandler": "0.4.1",
        "parseurl": "1.3.2",
        "utils-merge": "1.0.0"
      },
      "dependencies": {
        "debug": {
          "version": "2.2.0",
          "resolved": "https://registry.npmjs.org/debug/-/debug-2.2.0.tgz",
          "integrity": "sha1-+HBX6ZWxofauaklgZkE3vFbwOdo=",
          "requires": {
            "ms": "0.7.1"
          }
        },
        "finalhandler": {
          "version": "0.4.1",
          "resolved": "https://registry.npmjs.org/finalhandler/-/finalhandler-0.4.1.tgz",
          "integrity": "sha1-haF8bFmpRxfSYtYSMNSw6+PUoU0=",
          "requires": {
            "debug": "2.2.0",
            "escape-html": "1.0.3",
            "on-finished": "2.3.0",
            "unpipe": "1.0.0"
          }
        },
        "ms": {
          "version": "0.7.1",
          "resolved": "https://registry.npmjs.org/ms/-/ms-0.7.1.tgz",
          "integrity": "sha1-nNE8A62/8ltl7/3nzoZO6VIBcJg="
        }
      }
    },
    "content-disposition": {
      "version": "0.5.2",
      "resolved": "https://registry.npmjs.org/content-disposition/-/content-disposition-0.5.2.tgz",
      "integrity": "sha1-DPaLud318r55YcOoUXjLhdunjLQ="
    },
    "content-type": {
      "version": "1.0.4",
      "resolved": "https://registry.npmjs.org/content-type/-/content-type-1.0.4.tgz",
      "integrity": "sha512-hIP3EEPs8tB9AT1L+NUqtwOAps4mk2Zob89MWXMHjHWg9milF/j4osnnQLXBCBFBk/tvIG/tUc9mOUJiPBhPXA=="
    },
    "cookie": {
      "version": "0.3.1",
      "resolved": "https://registry.npmjs.org/cookie/-/cookie-0.3.1.tgz",
      "integrity": "sha1-5+Ch+e9DtMi6klxcWpboBtFoc7s="
    },
    "cookie-signature": {
      "version": "1.0.6",
      "resolved": "https://registry.npmjs.org/cookie-signature/-/cookie-signature-1.0.6.tgz",
      "integrity": "sha1-4wOogrNCzD7oylE6eZmXNNqzriw="
    },
    "core-util-is": {
      "version": "1.0.2",
      "resolved": "https://registry.npmjs.org/core-util-is/-/core-util-is-1.0.2.tgz",
      "integrity": "sha1-tf1UIgqivFq1eqtxQMlAdUUDwac="
    },
    "debug": {
      "version": "2.6.8",
      "resolved": "https://registry.npmjs.org/debug/-/debug-2.6.8.tgz",
      "integrity": "sha1-5zFTHKLt4n0YgiJCfaF4IdaP9Pw=",
      "requires": {
        "ms": "2.0.0"
      }
    },
    "depd": {
      "version": "1.1.1",
      "resolved": "https://registry.npmjs.org/depd/-/depd-1.1.1.tgz",
      "integrity": "sha1-V4O04cRZ8G+lyif5kfPQbnoxA1k="
    },
    "destroy": {
      "version": "1.0.4",
      "resolved": "https://registry.npmjs.org/destroy/-/destroy-1.0.4.tgz",
      "integrity": "sha1-l4hXRCxEdJ5CBmE+N5RiBYJqvYA="
    },
    "ee-first": {
      "version": "1.1.1",
      "resolved": "https://registry.npmjs.org/ee-first/-/ee-first-1.1.1.tgz",
      "integrity": "sha1-WQxhFWsK4vTwJVcyoViyZrxWsh0="
    },
    "encodeurl": {
      "version": "1.0.1",
      "resolved": "https://registry.npmjs.org/encodeurl/-/encodeurl-1.0.1.tgz",
      "integrity": "sha1-eePVhlU0aQn+bw9Fpd5oEDspTSA="
    },
    "eraro": {
      "version": "0.4.1",
      "resolved": "https://registry.npmjs.org/eraro/-/eraro-0.4.1.tgz",
      "integrity": "sha1-ZThzB2mh6J/8Pwx+LJTVofhmYp0=",
      "requires": {
        "lodash": "2.4.2"
      },
      "dependencies": {
        "lodash": {
          "version": "2.4.2",
          "resolved": "https://registry.npmjs.org/lodash/-/lodash-2.4.2.tgz",
          "integrity": "sha1-+t2DS5aDBz2hebPq5tnA0VBT9z4="
        }
      }
    },
    "escape-html": {
      "version": "1.0.3",
      "resolved": "https://registry.npmjs.org/escape-html/-/escape-html-1.0.3.tgz",
      "integrity": "sha1-Aljq5NPQwJdN4cFpGI7wBR0dGYg="
    },
    "etag": {
      "version": "1.8.1",
      "resolved": "https://registry.npmjs.org/etag/-/etag-1.8.1.tgz",
      "integrity": "sha1-Qa4u62XvpiJorr/qg6x9eSmbCIc="
    },
    "express": {
      "version": "4.15.4",
      "resolved": "https://registry.npmjs.org/express/-/express-4.15.4.tgz",
      "integrity": "sha1-Ay4iU0ic+PzgJma+yj0R7XotrtE=",
      "requires": {
        "accepts": "1.3.4",
        "array-flatten": "1.1.1",
        "content-disposition": "0.5.2",
        "content-type": "1.0.4",
        "cookie": "0.3.1",
        "cookie-signature": "1.0.6",
        "debug": "2.6.8",
        "depd": "1.1.1",
        "encodeurl": "1.0.1",
        "escape-html": "1.0.3",
        "etag": "1.8.1",
        "finalhandler": "1.0.5",
        "fresh": "0.5.0",
        "merge-descriptors": "1.0.1",
        "methods": "1.1.2",
        "on-finished": "2.3.0",
        "parseurl": "1.3.2",
        "path-to-regexp": "0.1.7",
        "proxy-addr": "1.1.5",
        "qs": "6.5.0",
        "range-parser": "1.2.0",
        "send": "0.15.4",
        "serve-static": "1.12.4",
        "setprototypeof": "1.0.3",
        "statuses": "1.3.1",
        "type-is": "1.6.15",
        "utils-merge": "1.0.0",
        "vary": "1.1.1"
      },
      "dependencies": {
        "qs": {
          "version": "6.5.0",
          "resolved": "https://registry.npmjs.org/qs/-/qs-6.5.0.tgz",
          "integrity": "sha512-fjVFjW9yhqMhVGwRExCXLhJKrLlkYSaxNWdyc9rmHlrVZbk35YHH312dFd7191uQeXkI3mKLZTIbSvIeFwFemg=="
        }
      }
    },
    "finalhandler": {
      "version": "1.0.5",
      "resolved": "https://registry.npmjs.org/finalhandler/-/finalhandler-1.0.5.tgz",
      "integrity": "sha1-pwEwPSV6G8gv6lR6M+WuiVMXI98=",
      "requires": {
        "debug": "2.6.8",
        "encodeurl": "1.0.1",
        "escape-html": "1.0.3",
        "on-finished": "2.3.0",
        "parseurl": "1.3.2",
        "statuses": "1.3.1",
        "unpipe": "1.0.0"
      }
    },
    "forwarded": {
      "version": "0.1.2",
      "resolved": "https://registry.npmjs.org/forwarded/-/forwarded-0.1.2.tgz",
      "integrity": "sha1-mMI9qxF1ZXuMBXPozszZGw/xjIQ="
    },
    "fresh": {
      "version": "0.5.0",
      "resolved": "https://registry.npmjs.org/fresh/-/fresh-0.5.0.tgz",
      "integrity": "sha1-9HTKXmqSRtb9jglTz6m5yAWvp44="
    },
    "gate-executor": {
      "version": "0.4.0",
      "resolved": "https://registry.npmjs.org/gate-executor/-/gate-executor-0.4.0.tgz",
      "integrity": "sha1-ReSue9dg/+8NiB/ZOttPf2x2kVI=",
      "requires": {
        "async": "1.5.2",
        "eraro": "0.4.1",
        "lodash": "4.0.0"
      },
      "dependencies": {
        "lodash": {
          "version": "4.0.0",
          "resolved": "https://registry.npmjs.org/lodash/-/lodash-4.0.0.tgz",
          "integrity": "sha1-msQ4RMWV4o0wEIt7pYNwM5WSLfw="
        }
      }
    },
    "gex": {
      "version": "0.2.2",
      "resolved": "https://registry.npmjs.org/gex/-/gex-0.2.2.tgz",
      "integrity": "sha1-LUCdJDCVlwjaVc9WKUxk9tiXNIc=",
      "requires": {
        "lodash": "3.10.0"
      },
      "dependencies": {
        "lodash": {
          "version": "3.10.0",
          "resolved": "https://registry.npmjs.org/lodash/-/lodash-3.10.0.tgz",
          "integrity": "sha1-k9UcZygopEFqEq9XIguoqHN+L7s="
        }
      }
    },
    "hoek": {
      "version": "2.16.3",
      "resolved": "https://registry.npmjs.org/hoek/-/hoek-2.16.3.tgz",
      "integrity": "sha1-ILt0A9POo5jpHcRxCo/xuCdKJe0="
    },
    "http-errors": {
      "version": "1.6.2",
      "resolved": "https://registry.npmjs.org/http-errors/-/http-errors-1.6.2.tgz",
      "integrity": "sha1-CgAsyFcHGSp+eUbO7cERVfYOxzY=",
      "requires": {
        "depd": "1.1.1",
        "inherits": "2.0.3",
        "setprototypeof": "1.0.3",
        "statuses": "1.3.1"
      }
    },
    "iconv-lite": {
      "version": "0.4.19",
      "resolved": "https://registry.npmjs.org/iconv-lite/-/iconv-lite-0.4.19.tgz",
      "integrity": "sha512-oTZqweIP51xaGPI4uPa56/Pri/480R+mo7SeU+YETByQNhDG55ycFyNLIgta9vXhILrxXDmF7ZGhqZIcuN0gJQ=="
    },
    "inherits": {
      "version": "2.0.3",
      "resolved": "https://registry.npmjs.org/inherits/-/inherits-2.0.3.tgz",
      "integrity": "sha1-Yzwsg+PaQqUC9SRmAiSA9CCCYd4="
    },
    "ipaddr.js": {
      "version": "1.4.0",
      "resolved": "https://registry.npmjs.org/ipaddr.js/-/ipaddr.js-1.4.0.tgz",
      "integrity": "sha1-KWrKh4qCGBbluF0KKFqZvP9FgvA="
    },
    "isarray": {
      "version": "1.0.0",
      "resolved": "https://registry.npmjs.org/isarray/-/isarray-1.0.0.tgz",
      "integrity": "sha1-u5NdSFgsuhaMBoNJV6VKPgcSTxE="
    },
    "json-stringify-safe": {
      "version": "5.0.1",
      "resolved": "https://registry.npmjs.org/json-stringify-safe/-/json-stringify-safe-5.0.1.tgz",
      "integrity": "sha1-Epai1Y/UXxmg9s4B1lcB4sc1tus="
    },
    "jsonic": {
      "version": "0.2.2",
      "resolved": "https://registry.npmjs.org/jsonic/-/jsonic-0.2.2.tgz",
      "integrity": "sha1-Enu5nfTYIWUsSKI9AlzysW5hhJE="
    },
    "kerberos": {
      "version": "0.0.11",
      "resolved": "https://registry.npmjs.org/kerberos/-/kerberos-0.0.11.tgz",
      "integrity": "sha1-yymJHCHCKsGV8xQLl90SIE/qfcI=",
      "optional": true,
      "requires": {
        "nan": "1.8.4"
      }
    },
    "lodash": {
      "version": "4.5.0",
      "resolved": "https://registry.npmjs.org/lodash/-/lodash-4.5.0.tgz",
      "integrity": "sha1-IoSqBvWxNq29lUuQNRG2L8OdH1k="
    },
    "lru-cache": {
      "version": "4.0.0",
      "resolved": "https://registry.npmjs.org/lru-cache/-/lru-cache-4.0.0.tgz",
      "integrity": "sha1-tcvwFVbBaWb+vlTO7A+03JDfbCg=",
      "requires": {
        "pseudomap": "1.0.2",
        "yallist": "2.1.2"
      }
    },
    "media-typer": {
      "version": "0.3.0",
      "resolved": "https://registry.npmjs.org/media-typer/-/media-typer-0.3.0.tgz",
      "integrity": "sha1-hxDXrwqmJvj/+hzgAWhUUmMlV0g="
    },
    "merge-descriptors": {
      "version": "1.0.1",
      "resolved": "https://registry.npmjs.org/merge-descriptors/-/merge-descriptors-1.0.1.tgz",
      "integrity": "sha1-sAqqVW3YtEVoFQ7J0blT8/kMu2E="
    },
    "methods": {
      "version": "1.1.2",
      "resolved": "https://registry.npmjs.org/methods/-/methods-1.1.2.tgz",
      "integrity": "sha1-VSmk1nZUE07cxSZmVoNbD4Ua/O4="
    },
    "mime": {
      "version": "1.3.4",
      "resolved": "https://registry.npmjs.org/mime/-/mime-1.3.4.tgz",
      "integrity": "sha1-EV+eO2s9rylZmDyzjxSaLUDrXVM="
    },
    "mime-db": {
      "version": "1.30.0",
      "resolved": "https://registry.npmjs.org/mime-db/-/mime-db-1.30.0.tgz",
      "integrity": "sha1-dMZD2i3Z1qRTmZY0ZbJtXKfXHwE="
    },
    "mime-types": {
      "version": "2.1.17",
      "resolved": "https://registry.npmjs.org/mime-types/-/mime-types-2.1.17.tgz",
      "integrity": "sha1-Cdejk/A+mVp5+K+Fe3Cp4KsWVXo=",
      "requires": {
        "mime-db": "1.30.0"
      }
    },
    "minimist": {
      "version": "1.2.0",
      "resolved": "https://registry.npmjs.org/minimist/-/minimist-1.2.0.tgz",
      "integrity": "sha1-o1AIsg9BOD7sH7kU9M1d95omQoQ="
    },
    "mongodb": {
      "version": "1.4.40",
      "resolved": "https://registry.npmjs.org/mongodb/-/mongodb-1.4.40.tgz",
      "integrity": "sha1-z9gLdP3w+gU/LM+19JxHyjKjjvs=",
      "requires": {
        "bson": "0.2.22",
        "kerberos": "0.0.11",
        "readable-stream": "2.3.3"
      },
      "dependencies": {
        "readable-stream": {
          "version": "2.3.3",
          "resolved": "https://registry.npmjs.org/readable-stream/-/readable-stream-2.3.3.tgz",
          "integrity": "sha512-m+qzzcn7KUxEmd1gMbchF+Y2eIUbieUaxkWtptyHywrX0rE8QEYqPC07Vuy4Wm32/xE16NcdBctb8S0Xe/5IeQ==",
          "optional": true,
          "requires": {
            "core-util-is": "1.0.2",
            "inherits": "2.0.3",
            "isarray": "1.0.0",
            "process-nextick-args": "1.0.7",
            "safe-buffer": "5.1.1",
            "string_decoder": "1.0.3",
            "util-deprecate": "1.0.2"
          }
        }
      }
    },
    "ms": {
      "version": "2.0.0",
      "resolved": "https://registry.npmjs.org/ms/-/ms-2.0.0.tgz",
      "integrity": "sha1-VgiurfwAvmwpAd9fmGF4jeDVl8g="
    },
    "mstring": {
      "version": "0.1.2",
      "resolved": "https://registry.npmjs.org/mstring/-/mstring-0.1.2.tgz",
      "integrity": "sha1-iiaLGy3q3h5Y5NHrpUhKn++vrwI="
    },
    "nan": {
      "version": "1.8.4",
      "resolved": "https://registry.npmjs.org/nan/-/nan-1.8.4.tgz",
      "integrity": "sha1-PHa1OC6rM+RLdY0oE8qdkuk0LzQ="
    },
    "ndjson": {
      "version": "1.4.4",
      "resolved": "https://registry.npmjs.org/ndjson/-/ndjson-1.4.4.tgz",
      "integrity": "sha1-eCAmc24Uaf7m7qED6IVxM2xyw3E=",
      "requires": {
        "minimist": "1.2.0",
        "split2": "2.1.1",
        "through2": "2.0.3"
      }
    },
    "negotiator": {
      "version": "0.6.1",
      "resolved": "https://registry.npmjs.org/negotiator/-/negotiator-0.6.1.tgz",
      "integrity": "sha1-KzJxhOiZIQEXeyhWP7XnECrNDKk="
    },
    "nid": {
      "version": "0.3.2",
      "resolved": "https://registry.npmjs.org/nid/-/nid-0.3.2.tgz",
      "integrity": "sha1-l3qTGO1cKjjt1mJj8+r9gUPyJRo="
    },
    "norma": {
      "version": "0.3.0",
      "resolved": "https://registry.npmjs.org/norma/-/norma-0.3.0.tgz",
      "integrity": "sha1-JyZcNBEBjDLJPucZ9pLPkN7Fq2Q=",
      "requires": {
        "eraro": "0.4.1",
        "lodash": "2.4.2"
      },
      "dependencies": {
        "lodash": {
          "version": "2.4.2",
          "resolved": "https://registry.npmjs.org/lodash/-/lodash-2.4.2.tgz",
          "integrity": "sha1-+t2DS5aDBz2hebPq5tnA0VBT9z4="
        }
      }
    },
    "on-finished": {
      "version": "2.3.0",
      "resolved": "https://registry.npmjs.org/on-finished/-/on-finished-2.3.0.tgz",
      "integrity": "sha1-IPEzZIGwg811M3mSoWlxqi2QaUc=",
      "requires": {
        "ee-first": "1.1.1"
      }
    },
    "parambulator": {
      "version": "1.5.1",
      "resolved": "https://registry.npmjs.org/parambulator/-/parambulator-1.5.1.tgz",
      "integrity": "sha1-N8XQ5b+5JOJVg7JDMulPiIdiQsw=",
      "requires": {
        "gex": "0.2.0",
        "jsonic": "0.2.0",
        "lodash": "2.4.2"
      },
      "dependencies": {
        "gex": {
          "version": "0.2.0",
          "resolved": "https://registry.npmjs.org/gex/-/gex-0.2.0.tgz",
          "integrity": "sha1-5f9BdNZstlaq7bYk76LjV/YR5og=",
          "requires": {
            "lodash": "2.4.2"
          }
        },
        "jsonic": {
          "version": "0.2.0",
          "resolved": "https://registry.npmjs.org/jsonic/-/jsonic-0.2.0.tgz",
          "integrity": "sha1-fjpTlkLd8sS4DT+pEVwL+pN3xb0="
        },
        "lodash": {
          "version": "2.4.2",
          "resolved": "https://registry.npmjs.org/lodash/-/lodash-2.4.2.tgz",
          "integrity": "sha1-+t2DS5aDBz2hebPq5tnA0VBT9z4="
        }
      }
    },
    "parseurl": {
      "version": "1.3.2",
      "resolved": "https://registry.npmjs.org/parseurl/-/parseurl-1.3.2.tgz",
      "integrity": "sha1-/CidTtiZMRlGDBViUyYs3I3mW/M="
    },
    "path-to-regexp": {
      "version": "0.1.7",
      "resolved": "https://registry.npmjs.org/path-to-regexp/-/path-to-regexp-0.1.7.tgz",
      "integrity": "sha1-32BBeABfUi8V60SQ5yR6G/qmf4w="
    },
    "patrun": {
      "version": "0.5.0",
      "resolved": "https://registry.npmjs.org/patrun/-/patrun-0.5.0.tgz",
      "integrity": "sha1-d6UfdzrEkxuzU/1B1Z3mR4/GEY0=",
      "requires": {
        "gex": "0.2.2",
        "lodash": "3.10.0"
      },
      "dependencies": {
        "lodash": {
          "version": "3.10.0",
          "resolved": "https://registry.npmjs.org/lodash/-/lodash-3.10.0.tgz",
          "integrity": "sha1-k9UcZygopEFqEq9XIguoqHN+L7s="
        }
      }
    },
    "process-nextick-args": {
      "version": "1.0.7",
      "resolved": "https://registry.npmjs.org/process-nextick-args/-/process-nextick-args-1.0.7.tgz",
      "integrity": "sha1-FQ4gt1ZZCtP5EJPyWk8q2L/zC6M="
    },
    "proxy-addr": {
      "version": "1.1.5",
      "resolved": "https://registry.npmjs.org/proxy-addr/-/proxy-addr-1.1.5.tgz",
      "integrity": "sha1-ccDuOxAt4/IC87ZPYI0XP8uhqRg=",
      "requires": {
        "forwarded": "0.1.2",
        "ipaddr.js": "1.4.0"
      }
    },
    "pseudomap": {
      "version": "1.0.2",
      "resolved": "https://registry.npmjs.org/pseudomap/-/pseudomap-1.0.2.tgz",
      "integrity": "sha1-8FKijacOYYkX7wqKw0wa5aaChrM="
    },
    "qs": {
      "version": "6.5.1",
      "resolved": "https://registry.npmjs.org/qs/-/qs-6.5.1.tgz",
      "integrity": "sha512-eRzhrN1WSINYCDCbrz796z37LOe3m5tmW7RQf6oBntukAG1nmovJvhnwHHRMAfeoItc1m2Hk02WER2aQ/iqs+A=="
    },
    "range-parser": {
      "version": "1.2.0",
      "resolved": "https://registry.npmjs.org/range-parser/-/range-parser-1.2.0.tgz",
      "integrity": "sha1-9JvmtIeJTdxA3MlKMi9hEJLgDV4="
    },
    "raw-body": {
      "version": "2.3.2",
      "resolved": "https://registry.npmjs.org/raw-body/-/raw-body-2.3.2.tgz",
      "integrity": "sha1-vNYMd9Prk83gBQKVw/N5OJvIj4k=",
      "requires": {
        "bytes": "3.0.0",
        "http-errors": "1.6.2",
        "iconv-lite": "0.4.19",
        "unpipe": "1.0.0"
      }
    },
    "readable-stream": {
      "version": "2.3.3",
      "resolved": "https://registry.npmjs.org/readable-stream/-/readable-stream-2.3.3.tgz",
      "integrity": "sha512-m+qzzcn7KUxEmd1gMbchF+Y2eIUbieUaxkWtptyHywrX0rE8QEYqPC07Vuy4Wm32/xE16NcdBctb8S0Xe/5IeQ==",
      "requires": {
        "core-util-is": "1.0.2",
        "inherits": "2.0.3",
        "isarray": "1.0.0",
        "process-nextick-args": "1.0.7",
        "safe-buffer": "5.1.1",
        "string_decoder": "1.0.3",
        "util-deprecate": "1.0.2"
      }
    },
    "reconnect-core": {
      "version": "1.1.0",
      "resolved": "https://registry.npmjs.org/reconnect-core/-/reconnect-core-1.1.0.tgz",
      "integrity": "sha1-W7Ngs1sZfqVT8JK2BXUzqkHyhow=",
      "requires": {
        "backoff": "2.3.0"
      }
    },
    "rolling-stats": {
      "version": "0.1.1",
      "resolved": "https://registry.npmjs.org/rolling-stats/-/rolling-stats-0.1.1.tgz",
      "integrity": "sha1-zVr3dKiJOzCmdIMvovSrqkeM/IA="
    },
    "safe-buffer": {
      "version": "5.1.1",
      "resolved": "https://registry.npmjs.org/safe-buffer/-/safe-buffer-5.1.1.tgz",
      "integrity": "sha512-kKvNJn6Mm93gAczWVJg7wH+wGYWNrDHdWvpUmHyEsgCtIwwo3bqPtV4tR5tuPaUhTOo/kvhVwd8XwwOllGYkbg=="
    },
    "semver": {
      "version": "5.1.0",
      "resolved": "https://registry.npmjs.org/semver/-/semver-5.1.0.tgz",
      "integrity": "sha1-hfLPhVBGXE3wAM99hvawVBBqueU="
    },
    "send": {
      "version": "0.15.4",
      "resolved": "https://registry.npmjs.org/send/-/send-0.15.4.tgz",
      "integrity": "sha1-mF+qPihLAnPHkzZKNcZze9k5Bbk=",
      "requires": {
        "debug": "2.6.8",
        "depd": "1.1.1",
        "destroy": "1.0.4",
        "encodeurl": "1.0.1",
        "escape-html": "1.0.3",
        "etag": "1.8.1",
        "fresh": "0.5.0",
        "http-errors": "1.6.2",
        "mime": "1.3.4",
        "ms": "2.0.0",
        "on-finished": "2.3.0",
        "range-parser": "1.2.0",
        "statuses": "1.3.1"
      }
    },
    "seneca": {
      "version": "2.0.0",
      "resolved": "https://registry.npmjs.org/seneca/-/seneca-2.0.0.tgz",
      "integrity": "sha1-J2Inz7VLCA2DZM9Zo4PsxZxWhh8=",
      "requires": {
        "archy": "1.0.0",
        "eraro": "0.4.1",
        "gate-executor": "0.4.0",
        "gex": "0.2.2",
        "jsonic": "0.2.2",
        "lodash": "4.5.0",
        "lru-cache": "4.0.0",
        "minimist": "1.2.0",
        "nid": "0.3.2",
        "norma": "0.3.0",
        "parambulator": "1.5.1",
        "patrun": "0.5.0",
        "rolling-stats": "0.1.1",
        "semver": "5.1.0",
        "seneca-basic": "0.4.0",
        "seneca-cluster": "0.0.1",
        "seneca-mem-store": "0.5.0",
        "seneca-repl": "0.2.0",
        "seneca-transport": "1.2.0",
        "seneca-web": "0.7.1",
        "use-plugin": "0.3.1",
        "zig": "0.1.1"
      }
    },
    "seneca-basic": {
      "version": "0.4.0",
      "resolved": "https://registry.npmjs.org/seneca-basic/-/seneca-basic-0.4.0.tgz",
      "integrity": "sha1-NeFADmG+EOuQ33Pd4/laRTh7gzc=",
      "requires": {
        "async": "1.5.2",
        "lodash": "4.0.0",
        "nid": "0.3.2"
      },
      "dependencies": {
        "lodash": {
          "version": "4.0.0",
          "resolved": "https://registry.npmjs.org/lodash/-/lodash-4.0.0.tgz",
          "integrity": "sha1-msQ4RMWV4o0wEIt7pYNwM5WSLfw="
        }
      }
    },
    "seneca-cluster": {
      "version": "0.0.1",
      "resolved": "https://registry.npmjs.org/seneca-cluster/-/seneca-cluster-0.0.1.tgz",
      "integrity": "sha1-1qK0SCyLzUnM8Obhol+F70Cl9tM=",
      "requires": {
        "eraro": "0.4.1",
        "semver": "5.1.0"
      }
    },
    "seneca-entity": {
      "version": "1.3.0",
      "resolved": "https://registry.npmjs.org/seneca-entity/-/seneca-entity-1.3.0.tgz",
      "integrity": "sha1-8Jj2Flgq/lA9uq5oGko1vSybo2s=",
      "requires": {
        "eraro": "0.4.1",
        "jsonic": "0.2.2",
        "lodash": "4.15.0",
        "seneca-mem-store": "0.6.0"
      },
      "dependencies": {
        "lodash": {
          "version": "4.15.0",
          "resolved": "https://registry.npmjs.org/lodash/-/lodash-4.15.0.tgz",
          "integrity": "sha1-MWI5HY8BQKoiz49rPDTWt/Y9Oqk="
        },
        "seneca-mem-store": {
          "version": "0.6.0",
          "resolved": "https://registry.npmjs.org/seneca-mem-store/-/seneca-mem-store-0.6.0.tgz",
          "integrity": "sha1-QIi1pbQNpaCiCoPvB78NVusLJn8=",
          "requires": {
            "lodash": "4.15.0"
          }
        }
      }
    },
    "seneca-mem-store": {
      "version": "0.5.0",
      "resolved": "https://registry.npmjs.org/seneca-mem-store/-/seneca-mem-store-0.5.0.tgz",
      "integrity": "sha1-LDgxkSMw+uMWI06prmiXNuB0Vzg=",
      "requires": {
        "lodash": "3.10.1"
      },
      "dependencies": {
        "lodash": {
          "version": "3.10.1",
          "resolved": "https://registry.npmjs.org/lodash/-/lodash-3.10.1.tgz",
          "integrity": "sha1-W/Rejkm6QYnhfUgnid/RW9FAt7Y="
        }
      }
    },
    "seneca-mongo-store": {
      "version": "0.2.0",
      "resolved": "https://registry.npmjs.org/seneca-mongo-store/-/seneca-mongo-store-0.2.0.tgz",
      "integrity": "sha1-ljxJEoNl5A+Yzg3F6njnR5Y0O9I=",
      "requires": {
        "lodash": "2.4.2",
        "mongodb": "1.4.40"
      },
      "dependencies": {
        "lodash": {
          "version": "2.4.2",
          "resolved": "https://registry.npmjs.org/lodash/-/lodash-2.4.2.tgz",
          "integrity": "sha1-+t2DS5aDBz2hebPq5tnA0VBT9z4="
        }
      }
    },
    "seneca-repl": {
      "version": "0.2.0",
      "resolved": "https://registry.npmjs.org/seneca-repl/-/seneca-repl-0.2.0.tgz",
      "integrity": "sha1-fQdtEOshvax52aibm7kyhlQlSu4=",
      "requires": {
        "jsonic": "0.2.2",
        "lodash": "4.5.0"
      }
    },
    "seneca-transport": {
      "version": "1.2.0",
      "resolved": "https://registry.npmjs.org/seneca-transport/-/seneca-transport-1.2.0.tgz",
      "integrity": "sha1-A2fOuKjxV9ljfAqiKH+C9rJ6gao=",
      "requires": {
        "eraro": "0.4.1",
        "gex": "0.2.2",
        "jsonic": "0.2.2",
        "lodash": "4.5.1",
        "lru-cache": "3.2.0",
        "ndjson": "1.4.4",
        "nid": "0.3.2",
        "patrun": "0.5.0",
        "qs": "5.2.0",
        "reconnect-core": "1.1.0",
        "wreck": "6.3.0"
      },
      "dependencies": {
        "lodash": {
          "version": "4.5.1",
          "resolved": "https://registry.npmjs.org/lodash/-/lodash-4.5.1.tgz",
          "integrity": "sha1-gOigdMpfOJOmscELKmNkktcQwxY="
        },
        "lru-cache": {
          "version": "3.2.0",
          "resolved": "https://registry.npmjs.org/lru-cache/-/lru-cache-3.2.0.tgz",
          "integrity": "sha1-cXibO39Tmb7IVl3aOKow0qCX7+4=",
          "requires": {
            "pseudomap": "1.0.2"
          }
        },
        "qs": {
          "version": "5.2.0",
          "resolved": "https://registry.npmjs.org/qs/-/qs-5.2.0.tgz",
          "integrity": "sha1-qfMRQq9GjLcrJbMBNrokVoNJFr4="
        }
      }
    },
    "seneca-web": {
      "version": "0.7.1",
      "resolved": "https://registry.npmjs.org/seneca-web/-/seneca-web-0.7.1.tgz",
      "integrity": "sha1-9pT4CtK7Rhj8a4VmcKG9zfTewH0=",
      "requires": {
        "async": "1.5.2",
        "connect": "3.4.1",
        "eraro": "0.4.1",
        "json-stringify-safe": "5.0.1",
        "lodash": "4.2.1",
        "methods": "1.1.2",
        "mstring": "0.1.2",
        "nid": "0.3.2",
        "norma": "0.3.0",
        "parambulator": "1.5.1",
        "rolling-stats": "0.1.1",
        "serve-static": "1.10.2"
      },
      "dependencies": {
        "debug": {
          "version": "2.2.0",
          "resolved": "https://registry.npmjs.org/debug/-/debug-2.2.0.tgz",
          "integrity": "sha1-+HBX6ZWxofauaklgZkE3vFbwOdo=",
          "requires": {
            "ms": "0.7.1"
          }
        },
        "etag": {
          "version": "1.7.0",
          "resolved": "https://registry.npmjs.org/etag/-/etag-1.7.0.tgz",
          "integrity": "sha1-A9MLX2fdbmMtKUXTDWZScxo01dg="
        },
        "fresh": {
          "version": "0.3.0",
          "resolved": "https://registry.npmjs.org/fresh/-/fresh-0.3.0.tgz",
          "integrity": "sha1-ZR+DjiJCTnVm3hYdg1jKoZn4PU8="
        },
        "http-errors": {
          "version": "1.3.1",
          "resolved": "https://registry.npmjs.org/http-errors/-/http-errors-1.3.1.tgz",
          "integrity": "sha1-GX4izevUGYWF6GlO9nhhl7ke2UI=",
          "requires": {
            "inherits": "2.0.3",
            "statuses": "1.2.1"
          }
        },
        "lodash": {
          "version": "4.2.1",
          "resolved": "https://registry.npmjs.org/lodash/-/lodash-4.2.1.tgz",
          "integrity": "sha1-Fx/c+7ww1onFRM0YwFKfVt5sGqk="
        },
        "ms": {
          "version": "0.7.1",
          "resolved": "https://registry.npmjs.org/ms/-/ms-0.7.1.tgz",
          "integrity": "sha1-nNE8A62/8ltl7/3nzoZO6VIBcJg="
        },
        "range-parser": {
          "version": "1.0.3",
          "resolved": "https://registry.npmjs.org/range-parser/-/range-parser-1.0.3.tgz",
          "integrity": "sha1-aHKCNTXGkuLCoBA4Jq/YLC4P8XU="
        },
        "send": {
          "version": "0.13.1",
          "resolved": "https://registry.npmjs.org/send/-/send-0.13.1.tgz",
          "integrity": "sha1-ow1fTILIqbrprQCh2bG9vm8Zntc=",
          "requires": {
            "debug": "2.2.0",
            "depd": "1.1.1",
            "destroy": "1.0.4",
            "escape-html": "1.0.3",
            "etag": "1.7.0",
            "fresh": "0.3.0",
            "http-errors": "1.3.1",
            "mime": "1.3.4",
            "ms": "0.7.1",
            "on-finished": "2.3.0",
            "range-parser": "1.0.3",
            "statuses": "1.2.1"
          }
        },
        "serve-static": {
          "version": "1.10.2",
          "resolved": "https://registry.npmjs.org/serve-static/-/serve-static-1.10.2.tgz",
          "integrity": "sha1-/rgA0OciEk3QsAMzFgwW6cqovLM=",
          "requires": {
            "escape-html": "1.0.3",
            "parseurl": "1.3.2",
            "send": "0.13.1"
          }
        },
        "statuses": {
          "version": "1.2.1",
          "resolved": "https://registry.npmjs.org/statuses/-/statuses-1.2.1.tgz",
          "integrity": "sha1-3e1FzBglbVHtQK7BQkidXGECbSg="
        }
      }
    },
    "serve-static": {
      "version": "1.12.4",
      "resolved": "https://registry.npmjs.org/serve-static/-/serve-static-1.12.4.tgz",
      "integrity": "sha1-m2qpjutyU8Tu3Ewfb9vKYJkBqWE=",
      "requires": {
        "encodeurl": "1.0.1",
        "escape-html": "1.0.3",
        "parseurl": "1.3.2",
        "send": "0.15.4"
      }
    },
    "setprototypeof": {
      "version": "1.0.3",
      "resolved": "https://registry.npmjs.org/setprototypeof/-/setprototypeof-1.0.3.tgz",
      "integrity": "sha1-ZlZ+NwQ+608E2RvWWMDL77VbjgQ="
    },
    "split2": {
      "version": "2.1.1",
      "resolved": "https://registry.npmjs.org/split2/-/split2-2.1.1.tgz",
      "integrity": "sha1-eh9VHhdqkOzTNF9yRqDP4XXvT9A=",
      "requires": {
        "through2": "2.0.3"
      }
    },
    "statuses": {
      "version": "1.3.1",
      "resolved": "https://registry.npmjs.org/statuses/-/statuses-1.3.1.tgz",
      "integrity": "sha1-+vUbnrdKrvOzrPStX2Gr8ky3uT4="
    },
    "string_decoder": {
      "version": "1.0.3",
      "resolved": "https://registry.npmjs.org/string_decoder/-/string_decoder-1.0.3.tgz",
      "integrity": "sha512-4AH6Z5fzNNBcH+6XDMfA/BTt87skxqJlO0lAh3Dker5zThcAxG6mKz+iGu308UKoPPQ8Dcqx/4JhujzltRa+hQ==",
      "requires": {
        "safe-buffer": "5.1.1"
      }
    },
    "through2": {
      "version": "2.0.3",
      "resolved": "https://registry.npmjs.org/through2/-/through2-2.0.3.tgz",
      "integrity": "sha1-AARWmzfHx0ujnEPzzteNGtlBQL4=",
      "requires": {
        "readable-stream": "2.3.3",
        "xtend": "4.0.1"
      }
    },
    "type-is": {
      "version": "1.6.15",
      "resolved": "https://registry.npmjs.org/type-is/-/type-is-1.6.15.tgz",
      "integrity": "sha1-yrEPtJCeRByChC6v4a1kbIGARBA=",
      "requires": {
        "media-typer": "0.3.0",
        "mime-types": "2.1.17"
      }
    },
    "unpipe": {
      "version": "1.0.0",
      "resolved": "https://registry.npmjs.org/unpipe/-/unpipe-1.0.0.tgz",
      "integrity": "sha1-sr9O6FFKrmFltIF4KdIbLvSZBOw="
    },
    "use-plugin": {
      "version": "0.3.1",
      "resolved": "https://registry.npmjs.org/use-plugin/-/use-plugin-0.3.1.tgz",
      "integrity": "sha1-XZafuZq1XOTxr5BsmXgjKnWJIa8=",
      "requires": {
        "eraro": "0.4.1",
        "lodash": "2.4.2",
        "nid": "0.3.2",
        "norma": "0.3.0"
      },
      "dependencies": {
        "lodash": {
          "version": "2.4.2",
          "resolved": "https://registry.npmjs.org/lodash/-/lodash-2.4.2.tgz",
          "integrity": "sha1-+t2DS5aDBz2hebPq5tnA0VBT9z4="
        }
      }
    },
    "util-deprecate": {
      "version": "1.0.2",
      "resolved": "https://registry.npmjs.org/util-deprecate/-/util-deprecate-1.0.2.tgz",
      "integrity": "sha1-RQ1Nyfpw3nMnYvvS1KKJgUGaDM8="
    },
    "utils-merge": {
      "version": "1.0.0",
      "resolved": "https://registry.npmjs.org/utils-merge/-/utils-merge-1.0.0.tgz",
      "integrity": "sha1-ApT7kiu5N1FTVBxPcJYjHyh8ivg="
    },
    "vary": {
      "version": "1.1.1",
      "resolved": "https://registry.npmjs.org/vary/-/vary-1.1.1.tgz",
      "integrity": "sha1-Z1Neu2lMHVIldFeYRmUyP1h+jTc="
    },
    "wreck": {
      "version": "6.3.0",
      "resolved": "https://registry.npmjs.org/wreck/-/wreck-6.3.0.tgz",
      "integrity": "sha1-oTaXafB7u2LWo3gzanhx/Hc8dAs=",
      "requires": {
        "boom": "2.10.1",
        "hoek": "2.16.3"
      }
    },
    "xtend": {
      "version": "4.0.1",
      "resolved": "https://registry.npmjs.org/xtend/-/xtend-4.0.1.tgz",
      "integrity": "sha1-pcbVMr5lbiPbgg77lDofBJmNY68="
    },
    "yallist": {
      "version": "2.1.2",
      "resolved": "https://registry.npmjs.org/yallist/-/yallist-2.1.2.tgz",
      "integrity": "sha1-HBH5IY8HYImkfdUS+TxmmaaoHVI="
    },
    "zig": {
      "version": "0.1.1",
      "resolved": "https://registry.npmjs.org/zig/-/zig-0.1.1.tgz",
      "integrity": "sha1-gBGFWUx9EzjxTD6/vgunTwuWnMs=",
      "requires": {
        "lodash": "2.4.2"
      },
      "dependencies": {
        "lodash": {
          "version": "2.4.2",
          "resolved": "https://registry.npmjs.org/lodash/-/lodash-2.4.2.tgz",
          "integrity": "sha1-+t2DS5aDBz2hebPq5tnA0VBT9z4="
        }
      }
    }
  }
}
